
Microsoft Visual Studio Solution File, Format Version 12.00
# Visual Studio 14
VisualStudioVersion = 14.0.25123.0
MinimumVisualStudioVersion = 10.0.40219.1
Project("{FAE04EC0-301F-11D3-BF4B-00C04F79EFBC}") = "EyeDenticaService", "EyeDenticaService\EyeDenticaService.csproj", "{CD0BD59A-507F-4626-BA57-D12A4D15DDF0}"
EndProject
Project("{FAE04EC0-301F-11D3-BF4B-00C04F79EFBC}") = "EyeKeyLoggerP", "EyeKeyLoggerP\EyeKeyLoggerP.csproj", "{AFD1F7AF-7974-40CE-9E95-F984D99A572D}"
EndProject
Project("{FAE04EC0-301F-11D3-BF4B-00C04F79EFBC}") = "Agent", "AgentView\Agent\Agent.csproj", "{1C44E1C4-22F6-4C5E-B03B-FA27DD7DB2DC}"
EndProject
Global
	GlobalSection(SolutionConfigurationPlatforms) = preSolution
		Debug|Any CPU = Debug|Any CPU
		Release|Any CPU = Release|Any CPU
	EndGlobalSection
	GlobalSection(ProjectConfigurationPlatforms) = postSolution
		{CD0BD59A-507F-4626-BA57-D12A4D15DDF0}.Debug|Any CPU.ActiveCfg = Debug|Any CPU
		{CD0BD59A-507F-4626-BA57-D12A4D15DDF0}.Debug|Any CPU.Build.0 = Debug|Any CPU
		{CD0BD59A-507F-4626-BA57-D12A4D15DDF0}.Release|Any CPU.ActiveCfg = Release|Any CPU
		{CD0BD59A-507F-4626-BA57-D12A4D15DDF0}.Release|Any CPU.Build.0 = Release|Any CPU
		{AFD1F7AF-7974-40CE-9E95-F984D99A572D}.Debug|Any CPU.ActiveCfg = Debug|Any CPU
		{AFD1F7AF-7974-40CE-9E95-F984D99A572D}.Debug|Any CPU.Build.0 = Debug|Any CPU
		{AFD1F7AF-7974-40CE-9E95-F984D99A572D}.Release|Any CPU.ActiveCfg = Release|Any CPU
		{AFD1F7AF-7974-40CE-9E95-F984D99A572D}.Release|Any CPU.Build.0 = Release|Any CPU
		{1C44E1C4-22F6-4C5E-B03B-FA27DD7DB2DC}.Debug|Any CPU.ActiveCfg = Debug|Any CPU
		{1C44E1C4-22F6-4C5E-B03B-FA27DD7DB2DC}.Debug|Any CPU.Build.0 = Debug|Any CPU
		{1C44E1C4-22F6-4C5E-B03B-FA27DD7DB2DC}.Release|Any CPU.ActiveCfg = Release|Any CPU
		{1C44E1C4-22F6-4C5E-B03B-FA27DD7DB2DC}.Release|Any CPU.Build.0 = Release|Any CPU
	EndGlobalSection
	GlobalSection(SolutionProperties) = preSolution
		HideSolutionNode = FALSE
	EndGlobalSection
	GlobalSection(TeamFoundationVersionControl) = preSolution
		SccNumberOfProjects = 4
		SccEnterpriseProvider = {4CA58AB2-18FA-4F8D-95D4-32DDF27D184C}
		SccTeamFoundationServer = https://eyedentica.visualstudio.com/
		SccLocalPath0 = .
		SccProjectUniqueName1 = EyeDenticaService\\EyeDenticaService.csproj
		SccProjectName1 = EyeDenticaService
		SccLocalPath1 = EyeDenticaService
		SccProjectUniqueName2 = EyeKeyLoggerP\\EyeKeyLoggerP.csproj
		SccProjectName2 = EyeKeyLoggerP
		SccLocalPath2 = EyeKeyLoggerP
		SccProjectUniqueName3 = AgentView\\Agent\\Agent.csproj
		SccProjectName3 = AgentView/Agent
		SccLocalPath3 = AgentView\\Agent
	EndGlobalSection
EndGlobal
